
Microsoft Visual Studio Solution File, Format Version 12.00
# Visual Studio Version 17
VisualStudioVersion = 17.4.33122.133
MinimumVisualStudioVersion = 10.0.40219.1
Project("{FAE04EC0-301F-11D3-BF4B-00C04F79EFBC}") = "MovieProject", "MovieProject\MovieProject.csproj", "{1603B970-7359-405A-9DDE-96A5A28FD6F7}"
EndProject
Global
	GlobalSection(SolutionConfigurationPlatforms) = preSolution
		Debug|Any CPU = Debug|Any CPU
		Release|Any CPU = Release|Any CPU
	EndGlobalSection
	GlobalSection(ProjectConfigurationPlatforms) = postSolution
		{1603B970-7359-405A-9DDE-96A5A28FD6F7}.Debug|Any CPU.ActiveCfg = Debug|Any CPU
		{1603B970-7359-405A-9DDE-96A5A28FD6F7}.Debug|Any CPU.Build.0 = Debug|Any CPU
		{1603B970-7359-405A-9DDE-96A5A28FD6F7}.Release|Any CPU.ActiveCfg = Release|Any CPU
		{1603B970-7359-405A-9DDE-96A5A28FD6F7}.Release|Any CPU.Build.0 = Release|Any CPU
	EndGlobalSection
	GlobalSection(SolutionProperties) = preSolution
		HideSolutionNode = FALSE
	EndGlobalSection
	GlobalSection(ExtensibilityGlobals) = postSolution
		SolutionGuid = {0D9C1D3E-528C-4616-BA77-37914423A158}
	EndGlobalSection
EndGlobal
